
Microsoft Visual Studio Solution File, Format Version 12.00
# Visual Studio Version 17
VisualStudioVersion = 17.5.002.0
MinimumVisualStudioVersion = 10.0.40219.1
Project("{9A19103F-16F7-4668-BE54-9A1E7A4F7556}") = "backend", "backend\backend.csproj", "{78713894-81C0-4AEE-846A-421693E98C3A}"
EndProject
Global
	GlobalSection(SolutionConfigurationPlatforms) = preSolution
		Debug|Any CPU = Debug|Any CPU
		Release|Any CPU = Release|Any CPU
	EndGlobalSection
	GlobalSection(ProjectConfigurationPlatforms) = postSolution
		{78713894-81C0-4AEE-846A-421693E98C3A}.Debug|Any CPU.ActiveCfg = Debug|Any CPU
		{78713894-81C0-4AEE-846A-421693E98C3A}.Debug|Any CPU.Build.0 = Debug|Any CPU
		{78713894-81C0-4AEE-846A-421693E98C3A}.Release|Any CPU.ActiveCfg = Release|Any CPU
		{78713894-81C0-4AEE-846A-421693E98C3A}.Release|Any CPU.Build.0 = Release|Any CPU
	EndGlobalSection
	GlobalSection(SolutionProperties) = preSolution
		HideSolutionNode = FALSE
	EndGlobalSection
	GlobalSection(ExtensibilityGlobals) = postSolution
		SolutionGuid = {5EBA6958-B3AC-44A5-97A8-6191A66F24F9}
	EndGlobalSection
EndGlobal
